
Microsoft Visual Studio Solution File, Format Version 12.00
# Visual Studio 2013
VisualStudioVersion = 12.0.21005.1
MinimumVisualStudioVersion = 10.0.40219.1
Project("{FAE04EC0-301F-11D3-BF4B-00C04F79EFBC}") = "WebService", "Lab6_WebService\WebService.csproj", "{105CF71F-7D79-42B8-A39F-A5797DCF495E}"
EndProject
Project("{FAE04EC0-301F-11D3-BF4B-00C04F79EFBC}") = "Client", "Client\Client.csproj", "{77746377-4640-4A83-820D-2E0AAFBBDF6C}"
EndProject
Global
	GlobalSection(SolutionConfigurationPlatforms) = preSolution
		Debug|Any CPU = Debug|Any CPU
		Release|Any CPU = Release|Any CPU
	EndGlobalSection
	GlobalSection(ProjectConfigurationPlatforms) = postSolution
		{105CF71F-7D79-42B8-A39F-A5797DCF495E}.Debug|Any CPU.ActiveCfg = Debug|Any CPU
		{105CF71F-7D79-42B8-A39F-A5797DCF495E}.Debug|Any CPU.Build.0 = Debug|Any CPU
		{105CF71F-7D79-42B8-A39F-A5797DCF495E}.Release|Any CPU.ActiveCfg = Release|Any CPU
		{105CF71F-7D79-42B8-A39F-A5797DCF495E}.Release|Any CPU.Build.0 = Release|Any CPU
		{77746377-4640-4A83-820D-2E0AAFBBDF6C}.Debug|Any CPU.ActiveCfg = Debug|Any CPU
		{77746377-4640-4A83-820D-2E0AAFBBDF6C}.Debug|Any CPU.Build.0 = Debug|Any CPU
		{77746377-4640-4A83-820D-2E0AAFBBDF6C}.Release|Any CPU.ActiveCfg = Release|Any CPU
		{77746377-4640-4A83-820D-2E0AAFBBDF6C}.Release|Any CPU.Build.0 = Release|Any CPU
	EndGlobalSection
	GlobalSection(SolutionProperties) = preSolution
		HideSolutionNode = FALSE
	EndGlobalSection
EndGlobal
